// !$*UTF8*$!
{
	archiveVersion = 1;
	classes = {
	};
	objectVersion = 46;
	objects = {

/* Begin PBXBuildFile section */
		028B0FFB0775EAC3C7F2765A /* Pods_PhotoCheckPra.framework in Frameworks */ = {isa = PBXBuildFile; fileRef = 63D0394951A3AA9A1093907D /* Pods_PhotoCheckPra.framework */; };
		6E122F1E1F282ECD00E01E60 /* TransactionDetailViewController.swift in Sources */ = {isa = PBXBuildFile; fileRef = 6E122F1D1F282ECD00E01E60 /* TransactionDetailViewController.swift */; };
		6E122F211F28510000E01E60 /* ReportTableViewCell.swift in Sources */ = {isa = PBXBuildFile; fileRef = 6E122F201F28510000E01E60 /* ReportTableViewCell.swift */; };
		6E122F231F2868F000E01E60 /* PhotoOverDayViewController.swift in Sources */ = {isa = PBXBuildFile; fileRef = 6E122F221F2868F000E01E60 /* PhotoOverDayViewController.swift */; };
		6E122F261F28692100E01E60 /* PhotoOverDayTableViewCell.swift in Sources */ = {isa = PBXBuildFile; fileRef = 6E122F251F28692100E01E60 /* PhotoOverDayTableViewCell.swift */; };
		6E122F281F286B4F00E01E60 /* PhotoOverDayDetailViewController.swift in Sources */ = {isa = PBXBuildFile; fileRef = 6E122F271F286B4F00E01E60 /* PhotoOverDayDetailViewController.swift */; };
		6E122F2A1F288C6700E01E60 /* PhotoOverDayCollectionViewCell.swift in Sources */ = {isa = PBXBuildFile; fileRef = 6E122F291F288C6700E01E60 /* PhotoOverDayCollectionViewCell.swift */; };
		6E122F2C1F28BEDF00E01E60 /* NotifyBankViewController.swift in Sources */ = {isa = PBXBuildFile; fileRef = 6E122F2B1F28BEDF00E01E60 /* NotifyBankViewController.swift */; };
		6E122F2F1F28BFAE00E01E60 /* NotifyBankDetailViewController.swift in Sources */ = {isa = PBXBuildFile; fileRef = 6E122F2E1F28BFAE00E01E60 /* NotifyBankDetailViewController.swift */; };
		6E3B10571F2126D3007D7845 /* CheckerDetailViewController.swift in Sources */ = {isa = PBXBuildFile; fileRef = 6E3B10561F2126D3007D7845 /* CheckerDetailViewController.swift */; };
		6E3B105D1F212983007D7845 /* CheckerTableViewCell.swift in Sources */ = {isa = PBXBuildFile; fileRef = 6E3B105C1F212983007D7845 /* CheckerTableViewCell.swift */; };
		6E3C2C941F1E813C0016B8E2 /* AppDelegate.swift in Sources */ = {isa = PBXBuildFile; fileRef = 6E3C2C931F1E813C0016B8E2 /* AppDelegate.swift */; };
		6E3C2C991F1E813C0016B8E2 /* Main.storyboard in Resources */ = {isa = PBXBuildFile; fileRef = 6E3C2C971F1E813C0016B8E2 /* Main.storyboard */; };
		6E3C2C9C1F1E813C0016B8E2 /* PhotoCheckPra.xcdatamodeld in Sources */ = {isa = PBXBuildFile; fileRef = 6E3C2C9A1F1E813C0016B8E2 /* PhotoCheckPra.xcdatamodeld */; };
		6E3C2C9E1F1E813C0016B8E2 /* Assets.xcassets in Resources */ = {isa = PBXBuildFile; fileRef = 6E3C2C9D1F1E813C0016B8E2 /* Assets.xcassets */; };
		6E3C2CA11F1E813C0016B8E2 /* LaunchScreen.storyboard in Resources */ = {isa = PBXBuildFile; fileRef = 6E3C2C9F1F1E813C0016B8E2 /* LaunchScreen.storyboard */; };
		6E3C2CAE1F1E82B00016B8E2 /* LoginViewController.swift in Sources */ = {isa = PBXBuildFile; fileRef = 6E3C2CAD1F1E82B00016B8E2 /* LoginViewController.swift */; };
		6E3C2CB11F1E82E60016B8E2 /* FacebookLoginViewController.swift in Sources */ = {isa = PBXBuildFile; fileRef = 6E3C2CB01F1E82E60016B8E2 /* FacebookLoginViewController.swift */; };
		6E3C2CB31F1E82F60016B8E2 /* GoogleLoginViewController.swift in Sources */ = {isa = PBXBuildFile; fileRef = 6E3C2CB21F1E82F60016B8E2 /* GoogleLoginViewController.swift */; };
		6E3C2CB51F1E830C0016B8E2 /* RegisterViewController.swift in Sources */ = {isa = PBXBuildFile; fileRef = 6E3C2CB41F1E830C0016B8E2 /* RegisterViewController.swift */; };
		6E3C2CB71F1E83C60016B8E2 /* CheckerManageViewController.swift in Sources */ = {isa = PBXBuildFile; fileRef = 6E3C2CB61F1E83C60016B8E2 /* CheckerManageViewController.swift */; };
		6E3C2CB91F1E840E0016B8E2 /* UserManageViewController.swift in Sources */ = {isa = PBXBuildFile; fileRef = 6E3C2CB81F1E840E0016B8E2 /* UserManageViewController.swift */; };
		6E3C2CBB1F1E84340016B8E2 /* TransactionViewController.swift in Sources */ = {isa = PBXBuildFile; fileRef = 6E3C2CBA1F1E84340016B8E2 /* TransactionViewController.swift */; };
		6E3C2CBD1F1E84460016B8E2 /* ReportViewController.swift in Sources */ = {isa = PBXBuildFile; fileRef = 6E3C2CBC1F1E84460016B8E2 /* ReportViewController.swift */; };
		6E3C2CBF1F1E849D0016B8E2 /* ConsiderationViewController.swift in Sources */ = {isa = PBXBuildFile; fileRef = 6E3C2CBE1F1E849D0016B8E2 /* ConsiderationViewController.swift */; };
		6E3C2CC11F1E84E40016B8E2 /* PhotoCategoryViewController.swift in Sources */ = {isa = PBXBuildFile; fileRef = 6E3C2CC01F1E84E40016B8E2 /* PhotoCategoryViewController.swift */; };
		6E3C2CC31F1E84F00016B8E2 /* ProfileViewController.swift in Sources */ = {isa = PBXBuildFile; fileRef = 6E3C2CC21F1E84F00016B8E2 /* ProfileViewController.swift */; };
		6E3C2CC51F1E85B10016B8E2 /* FirstViewController.swift in Sources */ = {isa = PBXBuildFile; fileRef = 6E3C2CC41F1E85B10016B8E2 /* FirstViewController.swift */; };
		6E3C2CC91F1F8DD40016B8E2 /* MenuTableViewController.swift in Sources */ = {isa = PBXBuildFile; fileRef = 6E3C2CC81F1F8DD40016B8E2 /* MenuTableViewController.swift */; };
		6E523F2C1F27B33100CB3D78 /* PhotoCategoryTableViewCell.swift in Sources */ = {isa = PBXBuildFile; fileRef = 6E523F2B1F27B33100CB3D78 /* PhotoCategoryTableViewCell.swift */; };
		6E523F2F1F27CCDD00CB3D78 /* TransactionTableViewCell.swift in Sources */ = {isa = PBXBuildFile; fileRef = 6E523F2E1F27CCDD00CB3D78 /* TransactionTableViewCell.swift */; };
		6E5D88851F25FBEF00015FD5 /* UserTableViewCell.swift in Sources */ = {isa = PBXBuildFile; fileRef = 6E5D88841F25FBEF00015FD5 /* UserTableViewCell.swift */; };
		6E5D88871F26202800015FD5 /* UserMenuTableViewController.swift in Sources */ = {isa = PBXBuildFile; fileRef = 6E5D88861F26202800015FD5 /* UserMenuTableViewController.swift */; };
		6E5D88891F26244F00015FD5 /* CheckerMenuTableViewController.swift in Sources */ = {isa = PBXBuildFile; fileRef = 6E5D88881F26244F00015FD5 /* CheckerMenuTableViewController.swift */; };
		6E5D888B1F26251B00015FD5 /* PhotoSenderViewController.swift in Sources */ = {isa = PBXBuildFile; fileRef = 6E5D888A1F26251B00015FD5 /* PhotoSenderViewController.swift */; };
		6E5D888D1F26253200015FD5 /* PhotoStockViewController.swift in Sources */ = {isa = PBXBuildFile; fileRef = 6E5D888C1F26253200015FD5 /* PhotoStockViewController.swift */; };
		6E86DC181F1FB85300553F64 /* SelfSegueStoryboardSegue.swift in Sources */ = {isa = PBXBuildFile; fileRef = 6E86DC171F1FB85300553F64 /* SelfSegueStoryboardSegue.swift */; };
		6E86DC1A1F1FDFC300553F64 /* PresentedViewController.swift in Sources */ = {isa = PBXBuildFile; fileRef = 6E86DC191F1FDFC300553F64 /* PresentedViewController.swift */; };
		6EA359A91F39989800038232 /* UserProfileViewController.swift in Sources */ = {isa = PBXBuildFile; fileRef = 6EA359A81F39989800038232 /* UserProfileViewController.swift */; };
		6EA359AE1F39A5D700038232 /* PhotoAlbumTableViewCell.swift in Sources */ = {isa = PBXBuildFile; fileRef = 6EA359AD1F39A5D700038232 /* PhotoAlbumTableViewCell.swift */; };
		6EA359B21F39B04200038232 /* CreateNewAlbumViewController.swift in Sources */ = {isa = PBXBuildFile; fileRef = 6EA359B11F39B04200038232 /* CreateNewAlbumViewController.swift */; };
		6EA359B91F39C0E700038232 /* PhotoStockTableViewCell.swift in Sources */ = {isa = PBXBuildFile; fileRef = 6EA359B81F39C0E700038232 /* PhotoStockTableViewCell.swift */; };
		6EA359BB1F39C10A00038232 /* VotePhotoViewController.swift in Sources */ = {isa = PBXBuildFile; fileRef = 6EA359BA1F39C10A00038232 /* VotePhotoViewController.swift */; };
		6EA359BD1F39C11E00038232 /* ReviewedPhotoViewController.swift in Sources */ = {isa = PBXBuildFile; fileRef = 6EA359BC1F39C11E00038232 /* ReviewedPhotoViewController.swift */; };
		6EA359BF1F39C13000038232 /* StatsReportViewController.swift in Sources */ = {isa = PBXBuildFile; fileRef = 6EA359BE1F39C13000038232 /* StatsReportViewController.swift */; };
		6EA359C11F39C14500038232 /* PersonDetailViewController.swift in Sources */ = {isa = PBXBuildFile; fileRef = 6EA359C01F39C14500038232 /* PersonDetailViewController.swift */; };
		6EA359C31F39C16500038232 /* VotePhotoTableViewCell.swift in Sources */ = {isa = PBXBuildFile; fileRef = 6EA359C21F39C16500038232 /* VotePhotoTableViewCell.swift */; };
		6EA359C51F39C17400038232 /* ReviewedPhotoTableViewCell.swift in Sources */ = {isa = PBXBuildFile; fileRef = 6EA359C41F39C17400038232 /* ReviewedPhotoTableViewCell.swift */; };
/* End PBXBuildFile section */

/* Begin PBXFileReference section */
		2009E5365287D5BBD386E30D /* Pods-PhotoCheckPra.debug.xcconfig */ = {isa = PBXFileReference; includeInIndex = 1; lastKnownFileType = text.xcconfig; name = "Pods-PhotoCheckPra.debug.xcconfig"; path = "Pods/Target Support Files/Pods-PhotoCheckPra/Pods-PhotoCheckPra.debug.xcconfig"; sourceTree = "<group>"; };
		63D0394951A3AA9A1093907D /* Pods_PhotoCheckPra.framework */ = {isa = PBXFileReference; explicitFileType = wrapper.framework; includeInIndex = 0; path = Pods_PhotoCheckPra.framework; sourceTree = BUILT_PRODUCTS_DIR; };
		6E122F1D1F282ECD00E01E60 /* TransactionDetailViewController.swift */ = {isa = PBXFileReference; fileEncoding = 4; lastKnownFileType = sourcecode.swift; path = TransactionDetailViewController.swift; sourceTree = "<group>"; };
		6E122F201F28510000E01E60 /* ReportTableViewCell.swift */ = {isa = PBXFileReference; fileEncoding = 4; lastKnownFileType = sourcecode.swift; path = ReportTableViewCell.swift; sourceTree = "<group>"; };
		6E122F221F2868F000E01E60 /* PhotoOverDayViewController.swift */ = {isa = PBXFileReference; fileEncoding = 4; lastKnownFileType = sourcecode.swift; path = PhotoOverDayViewController.swift; sourceTree = "<group>"; };
		6E122F251F28692100E01E60 /* PhotoOverDayTableViewCell.swift */ = {isa = PBXFileReference; fileEncoding = 4; lastKnownFileType = sourcecode.swift; path = PhotoOverDayTableViewCell.swift; sourceTree = "<group>"; };
		6E122F271F286B4F00E01E60 /* PhotoOverDayDetailViewController.swift */ = {isa = PBXFileReference; fileEncoding = 4; lastKnownFileType = sourcecode.swift; path = PhotoOverDayDetailViewController.swift; sourceTree = "<group>"; };
		6E122F291F288C6700E01E60 /* PhotoOverDayCollectionViewCell.swift */ = {isa = PBXFileReference; fileEncoding = 4; lastKnownFileType = sourcecode.swift; path = PhotoOverDayCollectionViewCell.swift; sourceTree = "<group>"; };
		6E122F2B1F28BEDF00E01E60 /* NotifyBankViewController.swift */ = {isa = PBXFileReference; fileEncoding = 4; lastKnownFileType = sourcecode.swift; path = NotifyBankViewController.swift; sourceTree = "<group>"; };
		6E122F2E1F28BFAE00E01E60 /* NotifyBankDetailViewController.swift */ = {isa = PBXFileReference; fileEncoding = 4; lastKnownFileType = sourcecode.swift; path = NotifyBankDetailViewController.swift; sourceTree = "<group>"; };
		6E3B10561F2126D3007D7845 /* CheckerDetailViewController.swift */ = {isa = PBXFileReference; fileEncoding = 4; lastKnownFileType = sourcecode.swift; path = CheckerDetailViewController.swift; sourceTree = "<group>"; };
		6E3B105C1F212983007D7845 /* CheckerTableViewCell.swift */ = {isa = PBXFileReference; fileEncoding = 4; lastKnownFileType = sourcecode.swift; path = CheckerTableViewCell.swift; sourceTree = "<group>"; };
		6E3C2C901F1E813C0016B8E2 /* PhotoCheckPra.app */ = {isa = PBXFileReference; explicitFileType = wrapper.application; includeInIndex = 0; path = PhotoCheckPra.app; sourceTree = BUILT_PRODUCTS_DIR; };
		6E3C2C931F1E813C0016B8E2 /* AppDelegate.swift */ = {isa = PBXFileReference; lastKnownFileType = sourcecode.swift; path = AppDelegate.swift; sourceTree = "<group>"; };
		6E3C2C981F1E813C0016B8E2 /* Base */ = {isa = PBXFileReference; lastKnownFileType = file.storyboard; name = Base; path = Base.lproj/Main.storyboard; sourceTree = "<group>"; };
		6E3C2C9B1F1E813C0016B8E2 /* PhotoCheckPra.xcdatamodel */ = {isa = PBXFileReference; lastKnownFileType = wrapper.xcdatamodel; path = PhotoCheckPra.xcdatamodel; sourceTree = "<group>"; };
		6E3C2C9D1F1E813C0016B8E2 /* Assets.xcassets */ = {isa = PBXFileReference; lastKnownFileType = folder.assetcatalog; path = Assets.xcassets; sourceTree = "<group>"; };
		6E3C2CA01F1E813C0016B8E2 /* Base */ = {isa = PBXFileReference; lastKnownFileType = file.storyboard; name = Base; path = Base.lproj/LaunchScreen.storyboard; sourceTree = "<group>"; };
		6E3C2CA21F1E813C0016B8E2 /* Info.plist */ = {isa = PBXFileReference; lastKnownFileType = text.plist.xml; path = Info.plist; sourceTree = "<group>"; };
		6E3C2CAD1F1E82B00016B8E2 /* LoginViewController.swift */ = {isa = PBXFileReference; fileEncoding = 4; lastKnownFileType = sourcecode.swift; path = LoginViewController.swift; sourceTree = "<group>"; };
		6E3C2CB01F1E82E60016B8E2 /* FacebookLoginViewController.swift */ = {isa = PBXFileReference; fileEncoding = 4; lastKnownFileType = sourcecode.swift; path = FacebookLoginViewController.swift; sourceTree = "<group>"; };
		6E3C2CB21F1E82F60016B8E2 /* GoogleLoginViewController.swift */ = {isa = PBXFileReference; fileEncoding = 4; lastKnownFileType = sourcecode.swift; path = GoogleLoginViewController.swift; sourceTree = "<group>"; };
		6E3C2CB41F1E830C0016B8E2 /* RegisterViewController.swift */ = {isa = PBXFileReference; fileEncoding = 4; lastKnownFileType = sourcecode.swift; path = RegisterViewController.swift; sourceTree = "<group>"; };
		6E3C2CB61F1E83C60016B8E2 /* CheckerManageViewController.swift */ = {isa = PBXFileReference; fileEncoding = 4; lastKnownFileType = sourcecode.swift; path = CheckerManageViewController.swift; sourceTree = "<group>"; };
		6E3C2CB81F1E840E0016B8E2 /* UserManageViewController.swift */ = {isa = PBXFileReference; fileEncoding = 4; lastKnownFileType = sourcecode.swift; path = UserManageViewController.swift; sourceTree = "<group>"; };
		6E3C2CBA1F1E84340016B8E2 /* TransactionViewController.swift */ = {isa = PBXFileReference; fileEncoding = 4; lastKnownFileType = sourcecode.swift; path = TransactionViewController.swift; sourceTree = "<group>"; };
		6E3C2CBC1F1E84460016B8E2 /* ReportViewController.swift */ = {isa = PBXFileReference; fileEncoding = 4; lastKnownFileType = sourcecode.swift; path = ReportViewController.swift; sourceTree = "<group>"; };
		6E3C2CBE1F1E849D0016B8E2 /* ConsiderationViewController.swift */ = {isa = PBXFileReference; fileEncoding = 4; lastKnownFileType = sourcecode.swift; path = ConsiderationViewController.swift; sourceTree = "<group>"; };
		6E3C2CC01F1E84E40016B8E2 /* PhotoCategoryViewController.swift */ = {isa = PBXFileReference; fileEncoding = 4; lastKnownFileType = sourcecode.swift; path = PhotoCategoryViewController.swift; sourceTree = "<group>"; };
		6E3C2CC21F1E84F00016B8E2 /* ProfileViewController.swift */ = {isa = PBXFileReference; fileEncoding = 4; lastKnownFileType = sourcecode.swift; path = ProfileViewController.swift; sourceTree = "<group>"; };
		6E3C2CC41F1E85B10016B8E2 /* FirstViewController.swift */ = {isa = PBXFileReference; fileEncoding = 4; lastKnownFileType = sourcecode.swift; path = FirstViewController.swift; sourceTree = "<group>"; };
		6E3C2CC81F1F8DD40016B8E2 /* MenuTableViewController.swift */ = {isa = PBXFileReference; fileEncoding = 4; lastKnownFileType = sourcecode.swift; path = MenuTableViewController.swift; sourceTree = "<group>"; };
		6E523F2B1F27B33100CB3D78 /* PhotoCategoryTableViewCell.swift */ = {isa = PBXFileReference; fileEncoding = 4; lastKnownFileType = sourcecode.swift; path = PhotoCategoryTableViewCell.swift; sourceTree = "<group>"; };
		6E523F2E1F27CCDD00CB3D78 /* TransactionTableViewCell.swift */ = {isa = PBXFileReference; fileEncoding = 4; lastKnownFileType = sourcecode.swift; path = TransactionTableViewCell.swift; sourceTree = "<group>"; };
		6E5D88841F25FBEF00015FD5 /* UserTableViewCell.swift */ = {isa = PBXFileReference; fileEncoding = 4; lastKnownFileType = sourcecode.swift; path = UserTableViewCell.swift; sourceTree = "<group>"; };
		6E5D88861F26202800015FD5 /* UserMenuTableViewController.swift */ = {isa = PBXFileReference; fileEncoding = 4; lastKnownFileType = sourcecode.swift; path = UserMenuTableViewController.swift; sourceTree = "<group>"; };
		6E5D88881F26244F00015FD5 /* CheckerMenuTableViewController.swift */ = {isa = PBXFileReference; fileEncoding = 4; lastKnownFileType = sourcecode.swift; path = CheckerMenuTableViewController.swift; sourceTree = "<group>"; };
		6E5D888A1F26251B00015FD5 /* PhotoSenderViewController.swift */ = {isa = PBXFileReference; fileEncoding = 4; lastKnownFileType = sourcecode.swift; path = PhotoSenderViewController.swift; sourceTree = "<group>"; };
		6E5D888C1F26253200015FD5 /* PhotoStockViewController.swift */ = {isa = PBXFileReference; fileEncoding = 4; lastKnownFileType = sourcecode.swift; path = PhotoStockViewController.swift; sourceTree = "<group>"; };
		6E86DC171F1FB85300553F64 /* SelfSegueStoryboardSegue.swift */ = {isa = PBXFileReference; fileEncoding = 4; lastKnownFileType = sourcecode.swift; path = SelfSegueStoryboardSegue.swift; sourceTree = "<group>"; };
		6E86DC191F1FDFC300553F64 /* PresentedViewController.swift */ = {isa = PBXFileReference; fileEncoding = 4; lastKnownFileType = sourcecode.swift; path = PresentedViewController.swift; sourceTree = "<group>"; };
		6EA359A81F39989800038232 /* UserProfileViewController.swift */ = {isa = PBXFileReference; fileEncoding = 4; lastKnownFileType = sourcecode.swift; path = UserProfileViewController.swift; sourceTree = "<group>"; };
		6EA359AD1F39A5D700038232 /* PhotoAlbumTableViewCell.swift */ = {isa = PBXFileReference; fileEncoding = 4; lastKnownFileType = sourcecode.swift; path = PhotoAlbumTableViewCell.swift; sourceTree = "<group>"; };
		6EA359B11F39B04200038232 /* CreateNewAlbumViewController.swift */ = {isa = PBXFileReference; fileEncoding = 4; lastKnownFileType = sourcecode.swift; path = CreateNewAlbumViewController.swift; sourceTree = "<group>"; };
		6EA359B81F39C0E700038232 /* PhotoStockTableViewCell.swift */ = {isa = PBXFileReference; fileEncoding = 4; lastKnownFileType = sourcecode.swift; path = PhotoStockTableViewCell.swift; sourceTree = "<group>"; };
		6EA359BA1F39C10A00038232 /* VotePhotoViewController.swift */ = {isa = PBXFileReference; fileEncoding = 4; lastKnownFileType = sourcecode.swift; path = VotePhotoViewController.swift; sourceTree = "<group>"; };
		6EA359BC1F39C11E00038232 /* ReviewedPhotoViewController.swift */ = {isa = PBXFileReference; fileEncoding = 4; lastKnownFileType = sourcecode.swift; path = ReviewedPhotoViewController.swift; sourceTree = "<group>"; };
		6EA359BE1F39C13000038232 /* StatsReportViewController.swift */ = {isa = PBXFileReference; fileEncoding = 4; lastKnownFileType = sourcecode.swift; path = StatsReportViewController.swift; sourceTree = "<group>"; };
		6EA359C01F39C14500038232 /* PersonDetailViewController.swift */ = {isa = PBXFileReference; fileEncoding = 4; lastKnownFileType = sourcecode.swift; path = PersonDetailViewController.swift; sourceTree = "<group>"; };
		6EA359C21F39C16500038232 /* VotePhotoTableViewCell.swift */ = {isa = PBXFileReference; fileEncoding = 4; lastKnownFileType = sourcecode.swift; path = VotePhotoTableViewCell.swift; sourceTree = "<group>"; };
		6EA359C41F39C17400038232 /* ReviewedPhotoTableViewCell.swift */ = {isa = PBXFileReference; fileEncoding = 4; lastKnownFileType = sourcecode.swift; path = ReviewedPhotoTableViewCell.swift; sourceTree = "<group>"; };
		B0F9F7F47C17884538D9BDD1 /* Pods-PhotoCheckPra.release.xcconfig */ = {isa = PBXFileReference; includeInIndex = 1; lastKnownFileType = text.xcconfig; name = "Pods-PhotoCheckPra.release.xcconfig"; path = "Pods/Target Support Files/Pods-PhotoCheckPra/Pods-PhotoCheckPra.release.xcconfig"; sourceTree = "<group>"; };
/* End PBXFileReference section */

/* Begin PBXFrameworksBuildPhase section */
		6E3C2C8D1F1E813C0016B8E2 /* Frameworks */ = {
			isa = PBXFrameworksBuildPhase;
			buildActionMask = 2147483647;
			files = (
				028B0FFB0775EAC3C7F2765A /* Pods_PhotoCheckPra.framework in Frameworks */,
			);
			runOnlyForDeploymentPostprocessing = 0;
		};
/* End PBXFrameworksBuildPhase section */

/* Begin PBXGroup section */
		5E390758C1DE5931704A4665 /* Pods */ = {
			isa = PBXGroup;
			children = (
				2009E5365287D5BBD386E30D /* Pods-PhotoCheckPra.debug.xcconfig */,
				B0F9F7F47C17884538D9BDD1 /* Pods-PhotoCheckPra.release.xcconfig */,
			);
			name = Pods;
			sourceTree = "<group>";
		};
		6E122F1F1F2850E300E01E60 /* Report */ = {
			isa = PBXGroup;
			children = (
				6E3C2CBC1F1E84460016B8E2 /* ReportViewController.swift */,
				6E122F201F28510000E01E60 /* ReportTableViewCell.swift */,
			);
			name = Report;
			sourceTree = "<group>";
		};
		6E122F241F28690100E01E60 /* PhotoOverDay */ = {
			isa = PBXGroup;
			children = (
				6E122F221F2868F000E01E60 /* PhotoOverDayViewController.swift */,
				6E122F271F286B4F00E01E60 /* PhotoOverDayDetailViewController.swift */,
				6E122F251F28692100E01E60 /* PhotoOverDayTableViewCell.swift */,
				6E122F291F288C6700E01E60 /* PhotoOverDayCollectionViewCell.swift */,
			);
			name = PhotoOverDay;
			sourceTree = "<group>";
		};
		6E122F2D1F28BF9600E01E60 /* NotifyBank */ = {
			isa = PBXGroup;
			children = (
				6E122F2B1F28BEDF00E01E60 /* NotifyBankViewController.swift */,
				6E122F2E1F28BFAE00E01E60 /* NotifyBankDetailViewController.swift */,
			);
			name = NotifyBank;
			sourceTree = "<group>";
		};
		6E3C2C871F1E813C0016B8E2 = {
			isa = PBXGroup;
			children = (
				6E3C2C921F1E813C0016B8E2 /* PhotoCheckPra */,
				6E3C2C911F1E813C0016B8E2 /* Products */,
				5E390758C1DE5931704A4665 /* Pods */,
				9309392A25CFC19F8ECBAD57 /* Frameworks */,
			);
			sourceTree = "<group>";
		};
		6E3C2C911F1E813C0016B8E2 /* Products */ = {
			isa = PBXGroup;
			children = (
				6E3C2C901F1E813C0016B8E2 /* PhotoCheckPra.app */,
			);
			name = Products;
			sourceTree = "<group>";
		};
		6E3C2C921F1E813C0016B8E2 /* PhotoCheckPra */ = {
			isa = PBXGroup;
			children = (
				6E3C2CAC1F1E81A50016B8E2 /* Supports */,
				6E3C2CAA1F1E818B0016B8E2 /* Controller */,
				6E3C2CA91F1E81860016B8E2 /* View */,
				6E3C2CA81F1E81800016B8E2 /* Model */,
				6E3C2C9D1F1E813C0016B8E2 /* Assets.xcassets */,
			);
			path = PhotoCheckPra;
			sourceTree = "<group>";
		};
		6E3C2CA81F1E81800016B8E2 /* Model */ = {
			isa = PBXGroup;
			children = (
			);
			name = Model;
			sourceTree = "<group>";
		};
		6E3C2CA91F1E81860016B8E2 /* View */ = {
			isa = PBXGroup;
			children = (
				6E3C2C971F1E813C0016B8E2 /* Main.storyboard */,
				6E3C2C9F1F1E813C0016B8E2 /* LaunchScreen.storyboard */,
			);
			name = View;
			sourceTree = "<group>";
		};
		6E3C2CAA1F1E818B0016B8E2 /* Controller */ = {
			isa = PBXGroup;
			children = (
				6E3C2C931F1E813C0016B8E2 /* AppDelegate.swift */,
				6E3C2CC81F1F8DD40016B8E2 /* MenuTableViewController.swift */,
				6E5D88861F26202800015FD5 /* UserMenuTableViewController.swift */,
				6E5D88881F26244F00015FD5 /* CheckerMenuTableViewController.swift */,
				6E5D88811F226FFD00015FD5 /* AuthController */,
				6E5D88801F226FD100015FD5 /* MainController */,
				6E86DC171F1FB85300553F64 /* SelfSegueStoryboardSegue.swift */,
				6E86DC191F1FDFC300553F64 /* PresentedViewController.swift */,
				6E5D888E1F26253700015FD5 /* CheckerController */,
				6E5D888F1F26254700015FD5 /* UserController */,
			);
			name = Controller;
			sourceTree = "<group>";
		};
		6E3C2CAC1F1E81A50016B8E2 /* Supports */ = {
			isa = PBXGroup;
			children = (
				6E3C2CA21F1E813C0016B8E2 /* Info.plist */,
				6E3C2C9A1F1E813C0016B8E2 /* PhotoCheckPra.xcdatamodeld */,
			);
			name = Supports;
			sourceTree = "<group>";
		};
		6E523F2A1F27B2D500CB3D78 /* PhotoCategory */ = {
			isa = PBXGroup;
			children = (
				6E3C2CC01F1E84E40016B8E2 /* PhotoCategoryViewController.swift */,
				6E523F2B1F27B33100CB3D78 /* PhotoCategoryTableViewCell.swift */,
			);
			name = PhotoCategory;
			sourceTree = "<group>";
		};
		6E523F2D1F27CCC900CB3D78 /* Transaction */ = {
			isa = PBXGroup;
			children = (
				6E3C2CBA1F1E84340016B8E2 /* TransactionViewController.swift */,
				6E122F1D1F282ECD00E01E60 /* TransactionDetailViewController.swift */,
				6E523F2E1F27CCDD00CB3D78 /* TransactionTableViewCell.swift */,
			);
			name = Transaction;
			sourceTree = "<group>";
		};
		6E5D88801F226FD100015FD5 /* MainController */ = {
			isa = PBXGroup;
			children = (
				6E3C2CC41F1E85B10016B8E2 /* FirstViewController.swift */,
				6E5D88821F22702800015FD5 /* Checker */,
				6E5D88831F25FB9C00015FD5 /* User */,
				6E523F2D1F27CCC900CB3D78 /* Transaction */,
				6E122F1F1F2850E300E01E60 /* Report */,
				6E3C2CBE1F1E849D0016B8E2 /* ConsiderationViewController.swift */,
				6E523F2A1F27B2D500CB3D78 /* PhotoCategory */,
				6E3C2CC21F1E84F00016B8E2 /* ProfileViewController.swift */,
				6E122F241F28690100E01E60 /* PhotoOverDay */,
			);
			name = MainController;
			sourceTree = "<group>";
		};
		6E5D88811F226FFD00015FD5 /* AuthController */ = {
			isa = PBXGroup;
			children = (
				6E3C2CAD1F1E82B00016B8E2 /* LoginViewController.swift */,
				6E3C2CB01F1E82E60016B8E2 /* FacebookLoginViewController.swift */,
				6E3C2CB21F1E82F60016B8E2 /* GoogleLoginViewController.swift */,
				6E3C2CB41F1E830C0016B8E2 /* RegisterViewController.swift */,
			);
			name = AuthController;
			sourceTree = "<group>";
		};
		6E5D88821F22702800015FD5 /* Checker */ = {
			isa = PBXGroup;
			children = (
				6E3C2CB61F1E83C60016B8E2 /* CheckerManageViewController.swift */,
				6E3B10561F2126D3007D7845 /* CheckerDetailViewController.swift */,
				6E3B105C1F212983007D7845 /* CheckerTableViewCell.swift */,
			);
			name = Checker;
			sourceTree = "<group>";
		};
		6E5D88831F25FB9C00015FD5 /* User */ = {
			isa = PBXGroup;
			children = (
				6E3C2CB81F1E840E0016B8E2 /* UserManageViewController.swift */,
				6E5D88841F25FBEF00015FD5 /* UserTableViewCell.swift */,
			);
			name = User;
			sourceTree = "<group>";
		};
		6E5D888E1F26253700015FD5 /* CheckerController */ = {
			isa = PBXGroup;
			children = (
				6EA359B71F39C07E00038232 /* PersonDetail */,
				6EA359B61F39C06B00038232 /* StatsReport */,
				6EA359B51F39C05C00038232 /* ReviewedPhoto */,
				6EA359B41F39C05100038232 /* VotePhoto */,
				6EA359B31F39C04200038232 /* PhotoStock */,
			);
			name = CheckerController;
			sourceTree = "<group>";
		};
		6E5D888F1F26254700015FD5 /* UserController */ = {
			isa = PBXGroup;
			children = (
				6E122F2D1F28BF9600E01E60 /* NotifyBank */,
				6EA359AA1F39A5A300038232 /* PhotoAlbum */,
				6EA359A81F39989800038232 /* UserProfileViewController.swift */,
			);
			name = UserController;
			sourceTree = "<group>";
		};
		6EA359AA1F39A5A300038232 /* PhotoAlbum */ = {
			isa = PBXGroup;
			children = (
				6E5D888A1F26251B00015FD5 /* PhotoSenderViewController.swift */,
				6EA359AD1F39A5D700038232 /* PhotoAlbumTableViewCell.swift */,
				6EA359B11F39B04200038232 /* CreateNewAlbumViewController.swift */,
			);
			name = PhotoAlbum;
			sourceTree = "<group>";
		};
		6EA359B31F39C04200038232 /* PhotoStock */ = {
			isa = PBXGroup;
			children = (
				6E5D888C1F26253200015FD5 /* PhotoStockViewController.swift */,
				6EA359B81F39C0E700038232 /* PhotoStockTableViewCell.swift */,
			);
			name = PhotoStock;
			sourceTree = "<group>";
		};
		6EA359B41F39C05100038232 /* VotePhoto */ = {
			isa = PBXGroup;
			children = (
				6EA359BA1F39C10A00038232 /* VotePhotoViewController.swift */,
				6EA359C21F39C16500038232 /* VotePhotoTableViewCell.swift */,
			);
			name = VotePhoto;
			sourceTree = "<group>";
		};
		6EA359B51F39C05C00038232 /* ReviewedPhoto */ = {
			isa = PBXGroup;
			children = (
				6EA359BC1F39C11E00038232 /* ReviewedPhotoViewController.swift */,
				6EA359C41F39C17400038232 /* ReviewedPhotoTableViewCell.swift */,
			);
			name = ReviewedPhoto;
			sourceTree = "<group>";
		};
		6EA359B61F39C06B00038232 /* StatsReport */ = {
			isa = PBXGroup;
			children = (
				6EA359BE1F39C13000038232 /* StatsReportViewController.swift */,
			);
			name = StatsReport;
			sourceTree = "<group>";
		};
		6EA359B71F39C07E00038232 /* PersonDetail */ = {
			isa = PBXGroup;
			children = (
				6EA359C01F39C14500038232 /* PersonDetailViewController.swift */,
			);
			name = PersonDetail;
			sourceTree = "<group>";
		};
		9309392A25CFC19F8ECBAD57 /* Frameworks */ = {
			isa = PBXGroup;
			children = (
				63D0394951A3AA9A1093907D /* Pods_PhotoCheckPra.framework */,
			);
			name = Frameworks;
			sourceTree = "<group>";
		};
/* End PBXGroup section */

/* Begin PBXNativeTarget section */
		6E3C2C8F1F1E813C0016B8E2 /* PhotoCheckPra */ = {
			isa = PBXNativeTarget;
			buildConfigurationList = 6E3C2CA51F1E813C0016B8E2 /* Build configuration list for PBXNativeTarget "PhotoCheckPra" */;
			buildPhases = (
				44321D3FE49999FBFAD4EB93 /* [CP] Check Pods Manifest.lock */,
				6E3C2C8C1F1E813C0016B8E2 /* Sources */,
				6E3C2C8D1F1E813C0016B8E2 /* Frameworks */,
				6E3C2C8E1F1E813C0016B8E2 /* Resources */,
				CAFEF0CE937D17F9BCA20032 /* [CP] Embed Pods Frameworks */,
				4CBB225F7AC7ECD278C509DF /* [CP] Copy Pods Resources */,
			);
			buildRules = (
			);
			dependencies = (
			);
			name = PhotoCheckPra;
			productName = PhotoCheckPra;
			productReference = 6E3C2C901F1E813C0016B8E2 /* PhotoCheckPra.app */;
			productType = "com.apple.product-type.application";
		};
/* End PBXNativeTarget section */

/* Begin PBXProject section */
		6E3C2C881F1E813C0016B8E2 /* Project object */ = {
			isa = PBXProject;
			attributes = {
				LastSwiftUpdateCheck = 0830;
				LastUpgradeCheck = 0830;
				ORGANIZATIONNAME = "Natthakit Srikanjanapert";
				TargetAttributes = {
					6E3C2C8F1F1E813C0016B8E2 = {
						CreatedOnToolsVersion = 8.3.3;
						DevelopmentTeam = 5QD52GEJS3;
						ProvisioningStyle = Automatic;
					};
				};
			};
			buildConfigurationList = 6E3C2C8B1F1E813C0016B8E2 /* Build configuration list for PBXProject "PhotoCheckPra" */;
			compatibilityVersion = "Xcode 3.2";
			developmentRegion = English;
			hasScannedForEncodings = 0;
			knownRegions = (
				en,
				Base,
			);
			mainGroup = 6E3C2C871F1E813C0016B8E2;
			productRefGroup = 6E3C2C911F1E813C0016B8E2 /* Products */;
			projectDirPath = "";
			projectRoot = "";
			targets = (
				6E3C2C8F1F1E813C0016B8E2 /* PhotoCheckPra */,
			);
		};
/* End PBXProject section */

/* Begin PBXResourcesBuildPhase section */
		6E3C2C8E1F1E813C0016B8E2 /* Resources */ = {
			isa = PBXResourcesBuildPhase;
			buildActionMask = 2147483647;
			files = (
				6E3C2CA11F1E813C0016B8E2 /* LaunchScreen.storyboard in Resources */,
				6E3C2C9E1F1E813C0016B8E2 /* Assets.xcassets in Resources */,
				6E3C2C991F1E813C0016B8E2 /* Main.storyboard in Resources */,
			);
			runOnlyForDeploymentPostprocessing = 0;
		};
/* End PBXResourcesBuildPhase section */

/* Begin PBXShellScriptBuildPhase section */
		44321D3FE49999FBFAD4EB93 /* [CP] Check Pods Manifest.lock */ = {
			isa = PBXShellScriptBuildPhase;
			buildActionMask = 2147483647;
			files = (
			);
			inputPaths = (
			);
			name = "[CP] Check Pods Manifest.lock";
			outputPaths = (
			);
			runOnlyForDeploymentPostprocessing = 0;
			shellPath = /bin/sh;
			shellScript = "diff \"${PODS_PODFILE_DIR_PATH}/Podfile.lock\" \"${PODS_ROOT}/Manifest.lock\" > /dev/null\nif [ $? != 0 ] ; then\n    # print error to STDERR\n    echo \"error: The sandbox is not in sync with the Podfile.lock. Run 'pod install' or update your CocoaPods installation.\" >&2\n    exit 1\nfi\n";
			showEnvVarsInLog = 0;
		};
		4CBB225F7AC7ECD278C509DF /* [CP] Copy Pods Resources */ = {
			isa = PBXShellScriptBuildPhase;
			buildActionMask = 2147483647;
			files = (
			);
			inputPaths = (
			);
			name = "[CP] Copy Pods Resources";
			outputPaths = (
			);
			runOnlyForDeploymentPostprocessing = 0;
			shellPath = /bin/sh;
			shellScript = "\"${SRCROOT}/Pods/Target Support Files/Pods-PhotoCheckPra/Pods-PhotoCheckPra-resources.sh\"\n";
			showEnvVarsInLog = 0;
		};
		CAFEF0CE937D17F9BCA20032 /* [CP] Embed Pods Frameworks */ = {
			isa = PBXShellScriptBuildPhase;
			buildActionMask = 2147483647;
			files = (
			);
			inputPaths = (
			);
			name = "[CP] Embed Pods Frameworks";
			outputPaths = (
			);
			runOnlyForDeploymentPostprocessing = 0;
			shellPath = /bin/sh;
			shellScript = "\"${SRCROOT}/Pods/Target Support Files/Pods-PhotoCheckPra/Pods-PhotoCheckPra-frameworks.sh\"\n";
			showEnvVarsInLog = 0;
		};
/* End PBXShellScriptBuildPhase section */

/* Begin PBXSourcesBuildPhase section */
		6E3C2C8C1F1E813C0016B8E2 /* Sources */ = {
			isa = PBXSourcesBuildPhase;
			buildActionMask = 2147483647;
			files = (
				6E5D88891F26244F00015FD5 /* CheckerMenuTableViewController.swift in Sources */,
				6E122F281F286B4F00E01E60 /* PhotoOverDayDetailViewController.swift in Sources */,
				6EA359B21F39B04200038232 /* CreateNewAlbumViewController.swift in Sources */,
				6E3C2CC51F1E85B10016B8E2 /* FirstViewController.swift in Sources */,
				6E5D88871F26202800015FD5 /* UserMenuTableViewController.swift in Sources */,
				6E5D888B1F26251B00015FD5 /* PhotoSenderViewController.swift in Sources */,
				6E3C2CAE1F1E82B00016B8E2 /* LoginViewController.swift in Sources */,
				6E3C2CB91F1E840E0016B8E2 /* UserManageViewController.swift in Sources */,
				6E523F2F1F27CCDD00CB3D78 /* TransactionTableViewCell.swift in Sources */,
				6E3C2CC91F1F8DD40016B8E2 /* MenuTableViewController.swift in Sources */,
				6E5D88851F25FBEF00015FD5 /* UserTableViewCell.swift in Sources */,
				6E122F2A1F288C6700E01E60 /* PhotoOverDayCollectionViewCell.swift in Sources */,
				6E122F2C1F28BEDF00E01E60 /* NotifyBankViewController.swift in Sources */,
				6EA359BB1F39C10A00038232 /* VotePhotoViewController.swift in Sources */,
				6EA359C51F39C17400038232 /* ReviewedPhotoTableViewCell.swift in Sources */,
				6E122F2F1F28BFAE00E01E60 /* NotifyBankDetailViewController.swift in Sources */,
				6E3C2CB51F1E830C0016B8E2 /* RegisterViewController.swift in Sources */,
				6E3B10571F2126D3007D7845 /* CheckerDetailViewController.swift in Sources */,
				6E3C2CC31F1E84F00016B8E2 /* ProfileViewController.swift in Sources */,
				6EA359A91F39989800038232 /* UserProfileViewController.swift in Sources */,
				6E3C2CBD1F1E84460016B8E2 /* ReportViewController.swift in Sources */,
				6E122F1E1F282ECD00E01E60 /* TransactionDetailViewController.swift in Sources */,
				6E122F231F2868F000E01E60 /* PhotoOverDayViewController.swift in Sources */,
				6E3C2CB71F1E83C60016B8E2 /* CheckerManageViewController.swift in Sources */,
				6E523F2C1F27B33100CB3D78 /* PhotoCategoryTableViewCell.swift in Sources */,
				6EA359AE1F39A5D700038232 /* PhotoAlbumTableViewCell.swift in Sources */,
				6E3C2CBB1F1E84340016B8E2 /* TransactionViewController.swift in Sources */,
				6EA359C11F39C14500038232 /* PersonDetailViewController.swift in Sources */,
				6E5D888D1F26253200015FD5 /* PhotoStockViewController.swift in Sources */,
				6E3B105D1F212983007D7845 /* CheckerTableViewCell.swift in Sources */,
				6E122F211F28510000E01E60 /* ReportTableViewCell.swift in Sources */,
				6E122F261F28692100E01E60 /* PhotoOverDayTableViewCell.swift in Sources */,
				6E3C2CB11F1E82E60016B8E2 /* FacebookLoginViewController.swift in Sources */,
				6EA359BF1F39C13000038232 /* StatsReportViewController.swift in Sources */,
				6E86DC1A1F1FDFC300553F64 /* PresentedViewController.swift in Sources */,
				6EA359BD1F39C11E00038232 /* ReviewedPhotoViewController.swift in Sources */,
				6E3C2C9C1F1E813C0016B8E2 /* PhotoCheckPra.xcdatamodeld in Sources */,
				6E3C2C941F1E813C0016B8E2 /* AppDelegate.swift in Sources */,
				6E3C2CB31F1E82F60016B8E2 /* GoogleLoginViewController.swift in Sources */,
				6E3C2CBF1F1E849D0016B8E2 /* ConsiderationViewController.swift in Sources */,
				6E86DC181F1FB85300553F64 /* SelfSegueStoryboardSegue.swift in Sources */,
				6E3C2CC11F1E84E40016B8E2 /* PhotoCategoryViewController.swift in Sources */,
				6EA359B91F39C0E700038232 /* PhotoStockTableViewCell.swift in Sources */,
				6EA359C31F39C16500038232 /* VotePhotoTableViewCell.swift in Sources */,
			);
			runOnlyForDeploymentPostprocessing = 0;
		};
/* End PBXSourcesBuildPhase section */

/* Begin PBXVariantGroup section */
		6E3C2C971F1E813C0016B8E2 /* Main.storyboard */ = {
			isa = PBXVariantGroup;
			children = (
				6E3C2C981F1E813C0016B8E2 /* Base */,
			);
			name = Main.storyboard;
			sourceTree = "<group>";
		};
		6E3C2C9F1F1E813C0016B8E2 /* LaunchScreen.storyboard */ = {
			isa = PBXVariantGroup;
			children = (
				6E3C2CA01F1E813C0016B8E2 /* Base */,
			);
			name = LaunchScreen.storyboard;
			sourceTree = "<group>";
		};
/* End PBXVariantGroup section */

/* Begin XCBuildConfiguration section */
		6E3C2CA31F1E813C0016B8E2 /* Debug */ = {
			isa = XCBuildConfiguration;
			buildSettings = {
				ALWAYS_SEARCH_USER_PATHS = NO;
				CLANG_ANALYZER_NONNULL = YES;
				CLANG_ANALYZER_NUMBER_OBJECT_CONVERSION = YES_AGGRESSIVE;
				CLANG_CXX_LANGUAGE_STANDARD = "gnu++0x";
				CLANG_CXX_LIBRARY = "libc++";
				CLANG_ENABLE_MODULES = YES;
				CLANG_ENABLE_OBJC_ARC = YES;
				CLANG_WARN_BOOL_CONVERSION = YES;
				CLANG_WARN_CONSTANT_CONVERSION = YES;
				CLANG_WARN_DIRECT_OBJC_ISA_USAGE = YES_ERROR;
				CLANG_WARN_DOCUMENTATION_COMMENTS = YES;
				CLANG_WARN_EMPTY_BODY = YES;
				CLANG_WARN_ENUM_CONVERSION = YES;
				CLANG_WARN_INFINITE_RECURSION = YES;
				CLANG_WARN_INT_CONVERSION = YES;
				CLANG_WARN_OBJC_ROOT_CLASS = YES_ERROR;
				CLANG_WARN_SUSPICIOUS_MOVE = YES;
				CLANG_WARN_UNREACHABLE_CODE = YES;
				CLANG_WARN__DUPLICATE_METHOD_MATCH = YES;
				"CODE_SIGN_IDENTITY[sdk=iphoneos*]" = "iPhone Developer";
				COPY_PHASE_STRIP = NO;
				DEBUG_INFORMATION_FORMAT = dwarf;
				ENABLE_STRICT_OBJC_MSGSEND = YES;
				ENABLE_TESTABILITY = YES;
				GCC_C_LANGUAGE_STANDARD = gnu99;
				GCC_DYNAMIC_NO_PIC = NO;
				GCC_NO_COMMON_BLOCKS = YES;
				GCC_OPTIMIZATION_LEVEL = 0;
				GCC_PREPROCESSOR_DEFINITIONS = (
					"DEBUG=1",
					"$(inherited)",
				);
				GCC_WARN_64_TO_32_BIT_CONVERSION = YES;
				GCC_WARN_ABOUT_RETURN_TYPE = YES_ERROR;
				GCC_WARN_UNDECLARED_SELECTOR = YES;
				GCC_WARN_UNINITIALIZED_AUTOS = YES_AGGRESSIVE;
				GCC_WARN_UNUSED_FUNCTION = YES;
				GCC_WARN_UNUSED_VARIABLE = YES;
				IPHONEOS_DEPLOYMENT_TARGET = 10.3;
				MTL_ENABLE_DEBUG_INFO = YES;
				ONLY_ACTIVE_ARCH = YES;
				SDKROOT = iphoneos;
				SWIFT_ACTIVE_COMPILATION_CONDITIONS = DEBUG;
				SWIFT_OPTIMIZATION_LEVEL = "-Onone";
			};
			name = Debug;
		};
		6E3C2CA41F1E813C0016B8E2 /* Release */ = {
			isa = XCBuildConfiguration;
			buildSettings = {
				ALWAYS_SEARCH_USER_PATHS = NO;
				CLANG_ANALYZER_NONNULL = YES;
				CLANG_ANALYZER_NUMBER_OBJECT_CONVERSION = YES_AGGRESSIVE;
				CLANG_CXX_LANGUAGE_STANDARD = "gnu++0x";
				CLANG_CXX_LIBRARY = "libc++";
				CLANG_ENABLE_MODULES = YES;
				CLANG_ENABLE_OBJC_ARC = YES;
				CLANG_WARN_BOOL_CONVERSION = YES;
				CLANG_WARN_CONSTANT_CONVERSION = YES;
				CLANG_WARN_DIRECT_OBJC_ISA_USAGE = YES_ERROR;
				CLANG_WARN_DOCUMENTATION_COMMENTS = YES;
				CLANG_WARN_EMPTY_BODY = YES;
				CLANG_WARN_ENUM_CONVERSION = YES;
				CLANG_WARN_INFINITE_RECURSION = YES;
				CLANG_WARN_INT_CONVERSION = YES;
				CLANG_WARN_OBJC_ROOT_CLASS = YES_ERROR;
				CLANG_WARN_SUSPICIOUS_MOVE = YES;
				CLANG_WARN_UNREACHABLE_CODE = YES;
				CLANG_WARN__DUPLICATE_METHOD_MATCH = YES;
				"CODE_SIGN_IDENTITY[sdk=iphoneos*]" = "iPhone Developer";
				COPY_PHASE_STRIP = NO;
				DEBUG_INFORMATION_FORMAT = "dwarf-with-dsym";
				ENABLE_NS_ASSERTIONS = NO;
				ENABLE_STRICT_OBJC_MSGSEND = YES;
				GCC_C_LANGUAGE_STANDARD = gnu99;
				GCC_NO_COMMON_BLOCKS = YES;
				GCC_WARN_64_TO_32_BIT_CONVERSION = YES;
				GCC_WARN_ABOUT_RETURN_TYPE = YES_ERROR;
				GCC_WARN_UNDECLARED_SELECTOR = YES;
				GCC_WARN_UNINITIALIZED_AUTOS = YES_AGGRESSIVE;
				GCC_WARN_UNUSED_FUNCTION = YES;
				GCC_WARN_UNUSED_VARIABLE = YES;
				IPHONEOS_DEPLOYMENT_TARGET = 10.3;
				MTL_ENABLE_DEBUG_INFO = NO;
				SDKROOT = iphoneos;
				SWIFT_OPTIMIZATION_LEVEL = "-Owholemodule";
				VALIDATE_PRODUCT = YES;
			};
			name = Release;
		};
		6E3C2CA61F1E813C0016B8E2 /* Debug */ = {
			isa = XCBuildConfiguration;
			baseConfigurationReference = 2009E5365287D5BBD386E30D /* Pods-PhotoCheckPra.debug.xcconfig */;
			buildSettings = {
				ASSETCATALOG_COMPILER_APPICON_NAME = AppIcon;
				DEVELOPMENT_TEAM = 5QD52GEJS3;
				INFOPLIST_FILE = PhotoCheckPra/Info.plist;
				LD_RUNPATH_SEARCH_PATHS = "$(inherited) @executable_path/Frameworks";
				PRODUCT_BUNDLE_IDENTIFIER = "undefinded-naja.PhotoCheckPra";
				PRODUCT_NAME = "$(TARGET_NAME)";
				SWIFT_VERSION = 3.0;
			};
			name = Debug;
		};
		6E3C2CA71F1E813C0016B8E2 /* Release */ = {
			isa = XCBuildConfiguration;
			baseConfigurationReference = B0F9F7F47C17884538D9BDD1 /* Pods-PhotoCheckPra.release.xcconfig */;
			buildSettings = {
				ASSETCATALOG_COMPILER_APPICON_NAME = AppIcon;
				DEVELOPMENT_TEAM = 5QD52GEJS3;
				INFOPLIST_FILE = PhotoCheckPra/Info.plist;
				LD_RUNPATH_SEARCH_PATHS = "$(inherited) @executable_path/Frameworks";
				PRODUCT_BUNDLE_IDENTIFIER = "undefinded-naja.PhotoCheckPra";
				PRODUCT_NAME = "$(TARGET_NAME)";
				SWIFT_VERSION = 3.0;
			};
			name = Release;
		};
/* End XCBuildConfiguration section */

/* Begin XCConfigurationList section */
		6E3C2C8B1F1E813C0016B8E2 /* Build configuration list for PBXProject "PhotoCheckPra" */ = {
			isa = XCConfigurationList;
			buildConfigurations = (
				6E3C2CA31F1E813C0016B8E2 /* Debug */,
				6E3C2CA41F1E813C0016B8E2 /* Release */,
			);
			defaultConfigurationIsVisible = 0;
			defaultConfigurationName = Release;
		};
		6E3C2CA51F1E813C0016B8E2 /* Build configuration list for PBXNativeTarget "PhotoCheckPra" */ = {
			isa = XCConfigurationList;
			buildConfigurations = (
				6E3C2CA61F1E813C0016B8E2 /* Debug */,
				6E3C2CA71F1E813C0016B8E2 /* Release */,
			);
			defaultConfigurationIsVisible = 0;
			defaultConfigurationName = Release;
		};
/* End XCConfigurationList section */

/* Begin XCVersionGroup section */
		6E3C2C9A1F1E813C0016B8E2 /* PhotoCheckPra.xcdatamodeld */ = {
			isa = XCVersionGroup;
			children = (
				6E3C2C9B1F1E813C0016B8E2 /* PhotoCheckPra.xcdatamodel */,
			);
			currentVersion = 6E3C2C9B1F1E813C0016B8E2 /* PhotoCheckPra.xcdatamodel */;
			path = PhotoCheckPra.xcdatamodeld;
			sourceTree = "<group>";
			versionGroupType = wrapper.xcdatamodel;
		};
/* End XCVersionGroup section */
	};
	rootObject = 6E3C2C881F1E813C0016B8E2 /* Project object */;
}
